
Microsoft Visual Studio Solution File, Format Version 12.00
# Visual Studio 14
VisualStudioVersion = 14.0.25420.1
MinimumVisualStudioVersion = 10.0.40219.1
Project("{2150E333-8FDC-42A3-9474-1A3956D46DE8}") = "1.UI", "1.UI", "{6D471DCE-8484-4AF8-88A0-F05CDA3E0426}"
EndProject
Project("{2150E333-8FDC-42A3-9474-1A3956D46DE8}") = "2.Service", "2.Service", "{A1ED3F67-E2F0-4E62-976D-312380CC9100}"
EndProject
Project("{2150E333-8FDC-42A3-9474-1A3956D46DE8}") = "3.Repository", "3.Repository", "{3901CC1D-9BB2-4523-871E-CE8BE3FC7AB2}"
EndProject
Project("{2150E333-8FDC-42A3-9474-1A3956D46DE8}") = "0.Infrastructure", "0.Infrastructure", "{4AAC08EA-D974-450E-B3D7-3C02308662C7}"
EndProject
Project("{FAE04EC0-301F-11D3-BF4B-00C04F79EFBC}") = "Infrastructure", "Infrastructure\Infrastructure.csproj", "{8F874E11-6237-402E-A3A2-683FEBF04023}"
EndProject
Project("{FAE04EC0-301F-11D3-BF4B-00C04F79EFBC}") = "GuitarShop", "GuitarShop\GuitarShop\GuitarShop.csproj", "{3AF7D3C0-B467-4884-A7E3-B6CEE67BF3ED}"
EndProject
Project("{FAE04EC0-301F-11D3-BF4B-00C04F79EFBC}") = "GuitarShop.Droid", "GuitarShop\GuitarShop.Droid\GuitarShop.Droid.csproj", "{39D28A40-5262-4B2C-BC1D-D0D12330A2BE}"
EndProject
Project("{FAE04EC0-301F-11D3-BF4B-00C04F79EFBC}") = "GuitarShop.iOS", "GuitarShop\GuitarShop.iOS\GuitarShop.iOS.csproj", "{F990932B-8887-4252-827C-E4ED8936FE22}"
EndProject
Project("{FAE04EC0-301F-11D3-BF4B-00C04F79EFBC}") = "GuitarShop.UWP", "GuitarShop\GuitarShop.UWP\GuitarShop.UWP.csproj", "{4B63D2B2-3617-47DA-843D-0E0337B9D98F}"
EndProject
Project("{FAE04EC0-301F-11D3-BF4B-00C04F79EFBC}") = "MobileService", "MobileService\MobileService.csproj", "{02FA11E3-BA92-4916-AE4F-AA523350EF45}"
EndProject
Global
	GlobalSection(SolutionConfigurationPlatforms) = preSolution
		Ad-Hoc|Any CPU = Ad-Hoc|Any CPU
		Ad-Hoc|ARM = Ad-Hoc|ARM
		Ad-Hoc|iPhone = Ad-Hoc|iPhone
		Ad-Hoc|iPhoneSimulator = Ad-Hoc|iPhoneSimulator
		Ad-Hoc|x64 = Ad-Hoc|x64
		Ad-Hoc|x86 = Ad-Hoc|x86
		AppStore|Any CPU = AppStore|Any CPU
		AppStore|ARM = AppStore|ARM
		AppStore|iPhone = AppStore|iPhone
		AppStore|iPhoneSimulator = AppStore|iPhoneSimulator
		AppStore|x64 = AppStore|x64
		AppStore|x86 = AppStore|x86
		Debug|Any CPU = Debug|Any CPU
		Debug|ARM = Debug|ARM
		Debug|iPhone = Debug|iPhone
		Debug|iPhoneSimulator = Debug|iPhoneSimulator
		Debug|x64 = Debug|x64
		Debug|x86 = Debug|x86
		Release|Any CPU = Release|Any CPU
		Release|ARM = Release|ARM
		Release|iPhone = Release|iPhone
		Release|iPhoneSimulator = Release|iPhoneSimulator
		Release|x64 = Release|x64
		Release|x86 = Release|x86
	EndGlobalSection
	GlobalSection(ProjectConfigurationPlatforms) = postSolution
		{8F874E11-6237-402E-A3A2-683FEBF04023}.Ad-Hoc|Any CPU.ActiveCfg = Release|Any CPU
		{8F874E11-6237-402E-A3A2-683FEBF04023}.Ad-Hoc|Any CPU.Build.0 = Release|Any CPU
		{8F874E11-6237-402E-A3A2-683FEBF04023}.Ad-Hoc|ARM.ActiveCfg = Release|Any CPU
		{8F874E11-6237-402E-A3A2-683FEBF04023}.Ad-Hoc|ARM.Build.0 = Release|Any CPU
		{8F874E11-6237-402E-A3A2-683FEBF04023}.Ad-Hoc|iPhone.ActiveCfg = Release|Any CPU
		{8F874E11-6237-402E-A3A2-683FEBF04023}.Ad-Hoc|iPhone.Build.0 = Release|Any CPU
		{8F874E11-6237-402E-A3A2-683FEBF04023}.Ad-Hoc|iPhoneSimulator.ActiveCfg = Release|Any CPU
		{8F874E11-6237-402E-A3A2-683FEBF04023}.Ad-Hoc|iPhoneSimulator.Build.0 = Release|Any CPU
		{8F874E11-6237-402E-A3A2-683FEBF04023}.Ad-Hoc|x64.ActiveCfg = Release|Any CPU
		{8F874E11-6237-402E-A3A2-683FEBF04023}.Ad-Hoc|x64.Build.0 = Release|Any CPU
		{8F874E11-6237-402E-A3A2-683FEBF04023}.Ad-Hoc|x86.ActiveCfg = Release|Any CPU
		{8F874E11-6237-402E-A3A2-683FEBF04023}.Ad-Hoc|x86.Build.0 = Release|Any CPU
		{8F874E11-6237-402E-A3A2-683FEBF04023}.AppStore|Any CPU.ActiveCfg = Release|Any CPU
		{8F874E11-6237-402E-A3A2-683FEBF04023}.AppStore|Any CPU.Build.0 = Release|Any CPU
		{8F874E11-6237-402E-A3A2-683FEBF04023}.AppStore|ARM.ActiveCfg = Release|Any CPU
		{8F874E11-6237-402E-A3A2-683FEBF04023}.AppStore|ARM.Build.0 = Release|Any CPU
		{8F874E11-6237-402E-A3A2-683FEBF04023}.AppStore|iPhone.ActiveCfg = Release|Any CPU
		{8F874E11-6237-402E-A3A2-683FEBF04023}.AppStore|iPhone.Build.0 = Release|Any CPU
		{8F874E11-6237-402E-A3A2-683FEBF04023}.AppStore|iPhoneSimulator.ActiveCfg = Release|Any CPU
		{8F874E11-6237-402E-A3A2-683FEBF04023}.AppStore|iPhoneSimulator.Build.0 = Release|Any CPU
		{8F874E11-6237-402E-A3A2-683FEBF04023}.AppStore|x64.ActiveCfg = Release|Any CPU
		{8F874E11-6237-402E-A3A2-683FEBF04023}.AppStore|x64.Build.0 = Release|Any CPU
		{8F874E11-6237-402E-A3A2-683FEBF04023}.AppStore|x86.ActiveCfg = Release|Any CPU
		{8F874E11-6237-402E-A3A2-683FEBF04023}.AppStore|x86.Build.0 = Release|Any CPU
		{8F874E11-6237-402E-A3A2-683FEBF04023}.Debug|Any CPU.ActiveCfg = Debug|Any CPU
		{8F874E11-6237-402E-A3A2-683FEBF04023}.Debug|Any CPU.Build.0 = Debug|Any CPU
		{8F874E11-6237-402E-A3A2-683FEBF04023}.Debug|ARM.ActiveCfg = Debug|Any CPU
		{8F874E11-6237-402E-A3A2-683FEBF04023}.Debug|ARM.Build.0 = Debug|Any CPU
		{8F874E11-6237-402E-A3A2-683FEBF04023}.Debug|iPhone.ActiveCfg = Debug|Any CPU
		{8F874E11-6237-402E-A3A2-683FEBF04023}.Debug|iPhone.Build.0 = Debug|Any CPU
		{8F874E11-6237-402E-A3A2-683FEBF04023}.Debug|iPhoneSimulator.ActiveCfg = Debug|Any CPU
		{8F874E11-6237-402E-A3A2-683FEBF04023}.Debug|iPhoneSimulator.Build.0 = Debug|Any CPU
		{8F874E11-6237-402E-A3A2-683FEBF04023}.Debug|x64.ActiveCfg = Debug|Any CPU
		{8F874E11-6237-402E-A3A2-683FEBF04023}.Debug|x64.Build.0 = Debug|Any CPU
		{8F874E11-6237-402E-A3A2-683FEBF04023}.Debug|x86.ActiveCfg = Debug|Any CPU
		{8F874E11-6237-402E-A3A2-683FEBF04023}.Debug|x86.Build.0 = Debug|Any CPU
		{8F874E11-6237-402E-A3A2-683FEBF04023}.Release|Any CPU.ActiveCfg = Release|Any CPU
		{8F874E11-6237-402E-A3A2-683FEBF04023}.Release|Any CPU.Build.0 = Release|Any CPU
		{8F874E11-6237-402E-A3A2-683FEBF04023}.Release|ARM.ActiveCfg = Release|Any CPU
		{8F874E11-6237-402E-A3A2-683FEBF04023}.Release|ARM.Build.0 = Release|Any CPU
		{8F874E11-6237-402E-A3A2-683FEBF04023}.Release|iPhone.ActiveCfg = Release|Any CPU
		{8F874E11-6237-402E-A3A2-683FEBF04023}.Release|iPhone.Build.0 = Release|Any CPU
		{8F874E11-6237-402E-A3A2-683FEBF04023}.Release|iPhoneSimulator.ActiveCfg = Release|Any CPU
		{8F874E11-6237-402E-A3A2-683FEBF04023}.Release|iPhoneSimulator.Build.0 = Release|Any CPU
		{8F874E11-6237-402E-A3A2-683FEBF04023}.Release|x64.ActiveCfg = Release|Any CPU
		{8F874E11-6237-402E-A3A2-683FEBF04023}.Release|x64.Build.0 = Release|Any CPU
		{8F874E11-6237-402E-A3A2-683FEBF04023}.Release|x86.ActiveCfg = Release|Any CPU
		{8F874E11-6237-402E-A3A2-683FEBF04023}.Release|x86.Build.0 = Release|Any CPU
		{3AF7D3C0-B467-4884-A7E3-B6CEE67BF3ED}.Ad-Hoc|Any CPU.ActiveCfg = Release|Any CPU
		{3AF7D3C0-B467-4884-A7E3-B6CEE67BF3ED}.Ad-Hoc|Any CPU.Build.0 = Release|Any CPU
		{3AF7D3C0-B467-4884-A7E3-B6CEE67BF3ED}.Ad-Hoc|ARM.ActiveCfg = Release|Any CPU
		{3AF7D3C0-B467-4884-A7E3-B6CEE67BF3ED}.Ad-Hoc|ARM.Build.0 = Release|Any CPU
		{3AF7D3C0-B467-4884-A7E3-B6CEE67BF3ED}.Ad-Hoc|iPhone.ActiveCfg = Release|Any CPU
		{3AF7D3C0-B467-4884-A7E3-B6CEE67BF3ED}.Ad-Hoc|iPhone.Build.0 = Release|Any CPU
		{3AF7D3C0-B467-4884-A7E3-B6CEE67BF3ED}.Ad-Hoc|iPhoneSimulator.ActiveCfg = Release|Any CPU
		{3AF7D3C0-B467-4884-A7E3-B6CEE67BF3ED}.Ad-Hoc|iPhoneSimulator.Build.0 = Release|Any CPU
		{3AF7D3C0-B467-4884-A7E3-B6CEE67BF3ED}.Ad-Hoc|x64.ActiveCfg = Release|Any CPU
		{3AF7D3C0-B467-4884-A7E3-B6CEE67BF3ED}.Ad-Hoc|x64.Build.0 = Release|Any CPU
		{3AF7D3C0-B467-4884-A7E3-B6CEE67BF3ED}.Ad-Hoc|x86.ActiveCfg = Release|Any CPU
		{3AF7D3C0-B467-4884-A7E3-B6CEE67BF3ED}.Ad-Hoc|x86.Build.0 = Release|Any CPU
		{3AF7D3C0-B467-4884-A7E3-B6CEE67BF3ED}.AppStore|Any CPU.ActiveCfg = Release|Any CPU
		{3AF7D3C0-B467-4884-A7E3-B6CEE67BF3ED}.AppStore|Any CPU.Build.0 = Release|Any CPU
		{3AF7D3C0-B467-4884-A7E3-B6CEE67BF3ED}.AppStore|ARM.ActiveCfg = Release|Any CPU
		{3AF7D3C0-B467-4884-A7E3-B6CEE67BF3ED}.AppStore|ARM.Build.0 = Release|Any CPU
		{3AF7D3C0-B467-4884-A7E3-B6CEE67BF3ED}.AppStore|iPhone.ActiveCfg = Release|Any CPU
		{3AF7D3C0-B467-4884-A7E3-B6CEE67BF3ED}.AppStore|iPhone.Build.0 = Release|Any CPU
		{3AF7D3C0-B467-4884-A7E3-B6CEE67BF3ED}.AppStore|iPhoneSimulator.ActiveCfg = Release|Any CPU
		{3AF7D3C0-B467-4884-A7E3-B6CEE67BF3ED}.AppStore|iPhoneSimulator.Build.0 = Release|Any CPU
		{3AF7D3C0-B467-4884-A7E3-B6CEE67BF3ED}.AppStore|x64.ActiveCfg = Release|Any CPU
		{3AF7D3C0-B467-4884-A7E3-B6CEE67BF3ED}.AppStore|x64.Build.0 = Release|Any CPU
		{3AF7D3C0-B467-4884-A7E3-B6CEE67BF3ED}.AppStore|x86.ActiveCfg = Release|Any CPU
		{3AF7D3C0-B467-4884-A7E3-B6CEE67BF3ED}.AppStore|x86.Build.0 = Release|Any CPU
		{3AF7D3C0-B467-4884-A7E3-B6CEE67BF3ED}.Debug|Any CPU.ActiveCfg = Debug|Any CPU
		{3AF7D3C0-B467-4884-A7E3-B6CEE67BF3ED}.Debug|Any CPU.Build.0 = Debug|Any CPU
		{3AF7D3C0-B467-4884-A7E3-B6CEE67BF3ED}.Debug|ARM.ActiveCfg = Debug|Any CPU
		{3AF7D3C0-B467-4884-A7E3-B6CEE67BF3ED}.Debug|ARM.Build.0 = Debug|Any CPU
		{3AF7D3C0-B467-4884-A7E3-B6CEE67BF3ED}.Debug|iPhone.ActiveCfg = Debug|Any CPU
		{3AF7D3C0-B467-4884-A7E3-B6CEE67BF3ED}.Debug|iPhone.Build.0 = Debug|Any CPU
		{3AF7D3C0-B467-4884-A7E3-B6CEE67BF3ED}.Debug|iPhoneSimulator.ActiveCfg = Debug|Any CPU
		{3AF7D3C0-B467-4884-A7E3-B6CEE67BF3ED}.Debug|iPhoneSimulator.Build.0 = Debug|Any CPU
		{3AF7D3C0-B467-4884-A7E3-B6CEE67BF3ED}.Debug|x64.ActiveCfg = Debug|Any CPU
		{3AF7D3C0-B467-4884-A7E3-B6CEE67BF3ED}.Debug|x64.Build.0 = Debug|Any CPU
		{3AF7D3C0-B467-4884-A7E3-B6CEE67BF3ED}.Debug|x86.ActiveCfg = Debug|Any CPU
		{3AF7D3C0-B467-4884-A7E3-B6CEE67BF3ED}.Debug|x86.Build.0 = Debug|Any CPU
		{3AF7D3C0-B467-4884-A7E3-B6CEE67BF3ED}.Release|Any CPU.ActiveCfg = Release|Any CPU
		{3AF7D3C0-B467-4884-A7E3-B6CEE67BF3ED}.Release|Any CPU.Build.0 = Release|Any CPU
		{3AF7D3C0-B467-4884-A7E3-B6CEE67BF3ED}.Release|ARM.ActiveCfg = Release|Any CPU
		{3AF7D3C0-B467-4884-A7E3-B6CEE67BF3ED}.Release|ARM.Build.0 = Release|Any CPU
		{3AF7D3C0-B467-4884-A7E3-B6CEE67BF3ED}.Release|iPhone.ActiveCfg = Release|Any CPU
		{3AF7D3C0-B467-4884-A7E3-B6CEE67BF3ED}.Release|iPhone.Build.0 = Release|Any CPU
		{3AF7D3C0-B467-4884-A7E3-B6CEE67BF3ED}.Release|iPhoneSimulator.ActiveCfg = Release|Any CPU
		{3AF7D3C0-B467-4884-A7E3-B6CEE67BF3ED}.Release|iPhoneSimulator.Build.0 = Release|Any CPU
		{3AF7D3C0-B467-4884-A7E3-B6CEE67BF3ED}.Release|x64.ActiveCfg = Release|Any CPU
		{3AF7D3C0-B467-4884-A7E3-B6CEE67BF3ED}.Release|x64.Build.0 = Release|Any CPU
		{3AF7D3C0-B467-4884-A7E3-B6CEE67BF3ED}.Release|x86.ActiveCfg = Release|Any CPU
		{3AF7D3C0-B467-4884-A7E3-B6CEE67BF3ED}.Release|x86.Build.0 = Release|Any CPU
		{39D28A40-5262-4B2C-BC1D-D0D12330A2BE}.Ad-Hoc|Any CPU.ActiveCfg = Release|Any CPU
		{39D28A40-5262-4B2C-BC1D-D0D12330A2BE}.Ad-Hoc|Any CPU.Build.0 = Release|Any CPU
		{39D28A40-5262-4B2C-BC1D-D0D12330A2BE}.Ad-Hoc|Any CPU.Deploy.0 = Release|Any CPU
		{39D28A40-5262-4B2C-BC1D-D0D12330A2BE}.Ad-Hoc|ARM.ActiveCfg = Release|Any CPU
		{39D28A40-5262-4B2C-BC1D-D0D12330A2BE}.Ad-Hoc|ARM.Build.0 = Release|Any CPU
		{39D28A40-5262-4B2C-BC1D-D0D12330A2BE}.Ad-Hoc|ARM.Deploy.0 = Release|Any CPU
		{39D28A40-5262-4B2C-BC1D-D0D12330A2BE}.Ad-Hoc|iPhone.ActiveCfg = Release|Any CPU
		{39D28A40-5262-4B2C-BC1D-D0D12330A2BE}.Ad-Hoc|iPhone.Build.0 = Release|Any CPU
		{39D28A40-5262-4B2C-BC1D-D0D12330A2BE}.Ad-Hoc|iPhone.Deploy.0 = Release|Any CPU
		{39D28A40-5262-4B2C-BC1D-D0D12330A2BE}.Ad-Hoc|iPhoneSimulator.ActiveCfg = Release|Any CPU
		{39D28A40-5262-4B2C-BC1D-D0D12330A2BE}.Ad-Hoc|iPhoneSimulator.Build.0 = Release|Any CPU
		{39D28A40-5262-4B2C-BC1D-D0D12330A2BE}.Ad-Hoc|iPhoneSimulator.Deploy.0 = Release|Any CPU
		{39D28A40-5262-4B2C-BC1D-D0D12330A2BE}.Ad-Hoc|x64.ActiveCfg = Release|Any CPU
		{39D28A40-5262-4B2C-BC1D-D0D12330A2BE}.Ad-Hoc|x64.Build.0 = Release|Any CPU
		{39D28A40-5262-4B2C-BC1D-D0D12330A2BE}.Ad-Hoc|x64.Deploy.0 = Release|Any CPU
		{39D28A40-5262-4B2C-BC1D-D0D12330A2BE}.Ad-Hoc|x86.ActiveCfg = Release|Any CPU
		{39D28A40-5262-4B2C-BC1D-D0D12330A2BE}.Ad-Hoc|x86.Build.0 = Release|Any CPU
		{39D28A40-5262-4B2C-BC1D-D0D12330A2BE}.Ad-Hoc|x86.Deploy.0 = Release|Any CPU
		{39D28A40-5262-4B2C-BC1D-D0D12330A2BE}.AppStore|Any CPU.ActiveCfg = Release|Any CPU
		{39D28A40-5262-4B2C-BC1D-D0D12330A2BE}.AppStore|Any CPU.Build.0 = Release|Any CPU
		{39D28A40-5262-4B2C-BC1D-D0D12330A2BE}.AppStore|Any CPU.Deploy.0 = Release|Any CPU
		{39D28A40-5262-4B2C-BC1D-D0D12330A2BE}.AppStore|ARM.ActiveCfg = Release|Any CPU
		{39D28A40-5262-4B2C-BC1D-D0D12330A2BE}.AppStore|ARM.Build.0 = Release|Any CPU
		{39D28A40-5262-4B2C-BC1D-D0D12330A2BE}.AppStore|ARM.Deploy.0 = Release|Any CPU
		{39D28A40-5262-4B2C-BC1D-D0D12330A2BE}.AppStore|iPhone.ActiveCfg = Release|Any CPU
		{39D28A40-5262-4B2C-BC1D-D0D12330A2BE}.AppStore|iPhone.Build.0 = Release|Any CPU
		{39D28A40-5262-4B2C-BC1D-D0D12330A2BE}.AppStore|iPhone.Deploy.0 = Release|Any CPU
		{39D28A40-5262-4B2C-BC1D-D0D12330A2BE}.AppStore|iPhoneSimulator.ActiveCfg = Release|Any CPU
		{39D28A40-5262-4B2C-BC1D-D0D12330A2BE}.AppStore|iPhoneSimulator.Build.0 = Release|Any CPU
		{39D28A40-5262-4B2C-BC1D-D0D12330A2BE}.AppStore|iPhoneSimulator.Deploy.0 = Release|Any CPU
		{39D28A40-5262-4B2C-BC1D-D0D12330A2BE}.AppStore|x64.ActiveCfg = Release|Any CPU
		{39D28A40-5262-4B2C-BC1D-D0D12330A2BE}.AppStore|x64.Build.0 = Release|Any CPU
		{39D28A40-5262-4B2C-BC1D-D0D12330A2BE}.AppStore|x64.Deploy.0 = Release|Any CPU
		{39D28A40-5262-4B2C-BC1D-D0D12330A2BE}.AppStore|x86.ActiveCfg = Release|Any CPU
		{39D28A40-5262-4B2C-BC1D-D0D12330A2BE}.AppStore|x86.Build.0 = Release|Any CPU
		{39D28A40-5262-4B2C-BC1D-D0D12330A2BE}.AppStore|x86.Deploy.0 = Release|Any CPU
		{39D28A40-5262-4B2C-BC1D-D0D12330A2BE}.Debug|Any CPU.ActiveCfg = Debug|Any CPU
		{39D28A40-5262-4B2C-BC1D-D0D12330A2BE}.Debug|Any CPU.Build.0 = Debug|Any CPU
		{39D28A40-5262-4B2C-BC1D-D0D12330A2BE}.Debug|Any CPU.Deploy.0 = Debug|Any CPU
		{39D28A40-5262-4B2C-BC1D-D0D12330A2BE}.Debug|ARM.ActiveCfg = Debug|Any CPU
		{39D28A40-5262-4B2C-BC1D-D0D12330A2BE}.Debug|ARM.Build.0 = Debug|Any CPU
		{39D28A40-5262-4B2C-BC1D-D0D12330A2BE}.Debug|ARM.Deploy.0 = Debug|Any CPU
		{39D28A40-5262-4B2C-BC1D-D0D12330A2BE}.Debug|iPhone.ActiveCfg = Debug|Any CPU
		{39D28A40-5262-4B2C-BC1D-D0D12330A2BE}.Debug|iPhone.Build.0 = Debug|Any CPU
		{39D28A40-5262-4B2C-BC1D-D0D12330A2BE}.Debug|iPhone.Deploy.0 = Debug|Any CPU
		{39D28A40-5262-4B2C-BC1D-D0D12330A2BE}.Debug|iPhoneSimulator.ActiveCfg = Debug|Any CPU
		{39D28A40-5262-4B2C-BC1D-D0D12330A2BE}.Debug|iPhoneSimulator.Build.0 = Debug|Any CPU
		{39D28A40-5262-4B2C-BC1D-D0D12330A2BE}.Debug|iPhoneSimulator.Deploy.0 = Debug|Any CPU
		{39D28A40-5262-4B2C-BC1D-D0D12330A2BE}.Debug|x64.ActiveCfg = Debug|Any CPU
		{39D28A40-5262-4B2C-BC1D-D0D12330A2BE}.Debug|x64.Build.0 = Debug|Any CPU
		{39D28A40-5262-4B2C-BC1D-D0D12330A2BE}.Debug|x64.Deploy.0 = Debug|Any CPU
		{39D28A40-5262-4B2C-BC1D-D0D12330A2BE}.Debug|x86.ActiveCfg = Debug|Any CPU
		{39D28A40-5262-4B2C-BC1D-D0D12330A2BE}.Debug|x86.Build.0 = Debug|Any CPU
		{39D28A40-5262-4B2C-BC1D-D0D12330A2BE}.Debug|x86.Deploy.0 = Debug|Any CPU
		{39D28A40-5262-4B2C-BC1D-D0D12330A2BE}.Release|Any CPU.ActiveCfg = Release|Any CPU
		{39D28A40-5262-4B2C-BC1D-D0D12330A2BE}.Release|Any CPU.Build.0 = Release|Any CPU
		{39D28A40-5262-4B2C-BC1D-D0D12330A2BE}.Release|Any CPU.Deploy.0 = Release|Any CPU
		{39D28A40-5262-4B2C-BC1D-D0D12330A2BE}.Release|ARM.ActiveCfg = Release|Any CPU
		{39D28A40-5262-4B2C-BC1D-D0D12330A2BE}.Release|ARM.Build.0 = Release|Any CPU
		{39D28A40-5262-4B2C-BC1D-D0D12330A2BE}.Release|ARM.Deploy.0 = Release|Any CPU
		{39D28A40-5262-4B2C-BC1D-D0D12330A2BE}.Release|iPhone.ActiveCfg = Release|Any CPU
		{39D28A40-5262-4B2C-BC1D-D0D12330A2BE}.Release|iPhone.Build.0 = Release|Any CPU
		{39D28A40-5262-4B2C-BC1D-D0D12330A2BE}.Release|iPhone.Deploy.0 = Release|Any CPU
		{39D28A40-5262-4B2C-BC1D-D0D12330A2BE}.Release|iPhoneSimulator.ActiveCfg = Release|Any CPU
		{39D28A40-5262-4B2C-BC1D-D0D12330A2BE}.Release|iPhoneSimulator.Build.0 = Release|Any CPU
		{39D28A40-5262-4B2C-BC1D-D0D12330A2BE}.Release|iPhoneSimulator.Deploy.0 = Release|Any CPU
		{39D28A40-5262-4B2C-BC1D-D0D12330A2BE}.Release|x64.ActiveCfg = Release|Any CPU
		{39D28A40-5262-4B2C-BC1D-D0D12330A2BE}.Release|x64.Build.0 = Release|Any CPU
		{39D28A40-5262-4B2C-BC1D-D0D12330A2BE}.Release|x64.Deploy.0 = Release|Any CPU
		{39D28A40-5262-4B2C-BC1D-D0D12330A2BE}.Release|x86.ActiveCfg = Release|Any CPU
		{39D28A40-5262-4B2C-BC1D-D0D12330A2BE}.Release|x86.Build.0 = Release|Any CPU
		{39D28A40-5262-4B2C-BC1D-D0D12330A2BE}.Release|x86.Deploy.0 = Release|Any CPU
		{F990932B-8887-4252-827C-E4ED8936FE22}.Ad-Hoc|Any CPU.ActiveCfg = Ad-Hoc|iPhone
		{F990932B-8887-4252-827C-E4ED8936FE22}.Ad-Hoc|ARM.ActiveCfg = Ad-Hoc|iPhone
		{F990932B-8887-4252-827C-E4ED8936FE22}.Ad-Hoc|iPhone.ActiveCfg = Ad-Hoc|iPhone
		{F990932B-8887-4252-827C-E4ED8936FE22}.Ad-Hoc|iPhone.Build.0 = Ad-Hoc|iPhone
		{F990932B-8887-4252-827C-E4ED8936FE22}.Ad-Hoc|iPhoneSimulator.ActiveCfg = Ad-Hoc|iPhoneSimulator
		{F990932B-8887-4252-827C-E4ED8936FE22}.Ad-Hoc|iPhoneSimulator.Build.0 = Ad-Hoc|iPhoneSimulator
		{F990932B-8887-4252-827C-E4ED8936FE22}.Ad-Hoc|x64.ActiveCfg = Ad-Hoc|iPhone
		{F990932B-8887-4252-827C-E4ED8936FE22}.Ad-Hoc|x86.ActiveCfg = Ad-Hoc|iPhone
		{F990932B-8887-4252-827C-E4ED8936FE22}.AppStore|Any CPU.ActiveCfg = AppStore|iPhone
		{F990932B-8887-4252-827C-E4ED8936FE22}.AppStore|ARM.ActiveCfg = AppStore|iPhone
		{F990932B-8887-4252-827C-E4ED8936FE22}.AppStore|iPhone.ActiveCfg = AppStore|iPhone
		{F990932B-8887-4252-827C-E4ED8936FE22}.AppStore|iPhone.Build.0 = AppStore|iPhone
		{F990932B-8887-4252-827C-E4ED8936FE22}.AppStore|iPhoneSimulator.ActiveCfg = AppStore|iPhoneSimulator
		{F990932B-8887-4252-827C-E4ED8936FE22}.AppStore|iPhoneSimulator.Build.0 = AppStore|iPhoneSimulator
		{F990932B-8887-4252-827C-E4ED8936FE22}.AppStore|x64.ActiveCfg = AppStore|iPhone
		{F990932B-8887-4252-827C-E4ED8936FE22}.AppStore|x86.ActiveCfg = AppStore|iPhone
		{F990932B-8887-4252-827C-E4ED8936FE22}.Debug|Any CPU.ActiveCfg = Debug|iPhone
		{F990932B-8887-4252-827C-E4ED8936FE22}.Debug|ARM.ActiveCfg = Debug|iPhone
		{F990932B-8887-4252-827C-E4ED8936FE22}.Debug|iPhone.ActiveCfg = Debug|iPhone
		{F990932B-8887-4252-827C-E4ED8936FE22}.Debug|iPhone.Build.0 = Debug|iPhone
		{F990932B-8887-4252-827C-E4ED8936FE22}.Debug|iPhoneSimulator.ActiveCfg = Debug|iPhoneSimulator
		{F990932B-8887-4252-827C-E4ED8936FE22}.Debug|iPhoneSimulator.Build.0 = Debug|iPhoneSimulator
		{F990932B-8887-4252-827C-E4ED8936FE22}.Debug|x64.ActiveCfg = Debug|iPhone
		{F990932B-8887-4252-827C-E4ED8936FE22}.Debug|x86.ActiveCfg = Debug|iPhone
		{F990932B-8887-4252-827C-E4ED8936FE22}.Release|Any CPU.ActiveCfg = Release|iPhone
		{F990932B-8887-4252-827C-E4ED8936FE22}.Release|ARM.ActiveCfg = Release|iPhone
		{F990932B-8887-4252-827C-E4ED8936FE22}.Release|iPhone.ActiveCfg = Release|iPhone
		{F990932B-8887-4252-827C-E4ED8936FE22}.Release|iPhone.Build.0 = Release|iPhone
		{F990932B-8887-4252-827C-E4ED8936FE22}.Release|iPhoneSimulator.ActiveCfg = Release|iPhoneSimulator
		{F990932B-8887-4252-827C-E4ED8936FE22}.Release|iPhoneSimulator.Build.0 = Release|iPhoneSimulator
		{F990932B-8887-4252-827C-E4ED8936FE22}.Release|x64.ActiveCfg = Release|iPhone
		{F990932B-8887-4252-827C-E4ED8936FE22}.Release|x86.ActiveCfg = Release|iPhone
		{4B63D2B2-3617-47DA-843D-0E0337B9D98F}.Ad-Hoc|Any CPU.ActiveCfg = Release|x86
		{4B63D2B2-3617-47DA-843D-0E0337B9D98F}.Ad-Hoc|Any CPU.Build.0 = Release|x86
		{4B63D2B2-3617-47DA-843D-0E0337B9D98F}.Ad-Hoc|Any CPU.Deploy.0 = Release|x86
		{4B63D2B2-3617-47DA-843D-0E0337B9D98F}.Ad-Hoc|ARM.ActiveCfg = Release|ARM
		{4B63D2B2-3617-47DA-843D-0E0337B9D98F}.Ad-Hoc|ARM.Build.0 = Release|ARM
		{4B63D2B2-3617-47DA-843D-0E0337B9D98F}.Ad-Hoc|ARM.Deploy.0 = Release|ARM
		{4B63D2B2-3617-47DA-843D-0E0337B9D98F}.Ad-Hoc|iPhone.ActiveCfg = Release|x86
		{4B63D2B2-3617-47DA-843D-0E0337B9D98F}.Ad-Hoc|iPhone.Build.0 = Release|x86
		{4B63D2B2-3617-47DA-843D-0E0337B9D98F}.Ad-Hoc|iPhone.Deploy.0 = Release|x86
		{4B63D2B2-3617-47DA-843D-0E0337B9D98F}.Ad-Hoc|iPhoneSimulator.ActiveCfg = Release|x86
		{4B63D2B2-3617-47DA-843D-0E0337B9D98F}.Ad-Hoc|iPhoneSimulator.Build.0 = Release|x86
		{4B63D2B2-3617-47DA-843D-0E0337B9D98F}.Ad-Hoc|iPhoneSimulator.Deploy.0 = Release|x86
		{4B63D2B2-3617-47DA-843D-0E0337B9D98F}.Ad-Hoc|x64.ActiveCfg = Release|x64
		{4B63D2B2-3617-47DA-843D-0E0337B9D98F}.Ad-Hoc|x64.Build.0 = Release|x64
		{4B63D2B2-3617-47DA-843D-0E0337B9D98F}.Ad-Hoc|x64.Deploy.0 = Release|x64
		{4B63D2B2-3617-47DA-843D-0E0337B9D98F}.Ad-Hoc|x86.ActiveCfg = Release|x86
		{4B63D2B2-3617-47DA-843D-0E0337B9D98F}.Ad-Hoc|x86.Build.0 = Release|x86
		{4B63D2B2-3617-47DA-843D-0E0337B9D98F}.Ad-Hoc|x86.Deploy.0 = Release|x86
		{4B63D2B2-3617-47DA-843D-0E0337B9D98F}.AppStore|Any CPU.ActiveCfg = Release|x86
		{4B63D2B2-3617-47DA-843D-0E0337B9D98F}.AppStore|Any CPU.Build.0 = Release|x86
		{4B63D2B2-3617-47DA-843D-0E0337B9D98F}.AppStore|Any CPU.Deploy.0 = Release|x86
		{4B63D2B2-3617-47DA-843D-0E0337B9D98F}.AppStore|ARM.ActiveCfg = Release|ARM
		{4B63D2B2-3617-47DA-843D-0E0337B9D98F}.AppStore|ARM.Build.0 = Release|ARM
		{4B63D2B2-3617-47DA-843D-0E0337B9D98F}.AppStore|ARM.Deploy.0 = Release|ARM
		{4B63D2B2-3617-47DA-843D-0E0337B9D98F}.AppStore|iPhone.ActiveCfg = Release|x86
		{4B63D2B2-3617-47DA-843D-0E0337B9D98F}.AppStore|iPhone.Build.0 = Release|x86
		{4B63D2B2-3617-47DA-843D-0E0337B9D98F}.AppStore|iPhone.Deploy.0 = Release|x86
		{4B63D2B2-3617-47DA-843D-0E0337B9D98F}.AppStore|iPhoneSimulator.ActiveCfg = Release|x86
		{4B63D2B2-3617-47DA-843D-0E0337B9D98F}.AppStore|iPhoneSimulator.Build.0 = Release|x86
		{4B63D2B2-3617-47DA-843D-0E0337B9D98F}.AppStore|iPhoneSimulator.Deploy.0 = Release|x86
		{4B63D2B2-3617-47DA-843D-0E0337B9D98F}.AppStore|x64.ActiveCfg = Release|x64
		{4B63D2B2-3617-47DA-843D-0E0337B9D98F}.AppStore|x64.Build.0 = Release|x64
		{4B63D2B2-3617-47DA-843D-0E0337B9D98F}.AppStore|x64.Deploy.0 = Release|x64
		{4B63D2B2-3617-47DA-843D-0E0337B9D98F}.AppStore|x86.ActiveCfg = Release|x86
		{4B63D2B2-3617-47DA-843D-0E0337B9D98F}.AppStore|x86.Build.0 = Release|x86
		{4B63D2B2-3617-47DA-843D-0E0337B9D98F}.AppStore|x86.Deploy.0 = Release|x86
		{4B63D2B2-3617-47DA-843D-0E0337B9D98F}.Debug|Any CPU.ActiveCfg = Debug|x86
		{4B63D2B2-3617-47DA-843D-0E0337B9D98F}.Debug|Any CPU.Deploy.0 = Debug|x86
		{4B63D2B2-3617-47DA-843D-0E0337B9D98F}.Debug|ARM.ActiveCfg = Debug|ARM
		{4B63D2B2-3617-47DA-843D-0E0337B9D98F}.Debug|ARM.Build.0 = Debug|ARM
		{4B63D2B2-3617-47DA-843D-0E0337B9D98F}.Debug|ARM.Deploy.0 = Debug|ARM
		{4B63D2B2-3617-47DA-843D-0E0337B9D98F}.Debug|iPhone.ActiveCfg = Debug|x86
		{4B63D2B2-3617-47DA-843D-0E0337B9D98F}.Debug|iPhone.Deploy.0 = Debug|x86
		{4B63D2B2-3617-47DA-843D-0E0337B9D98F}.Debug|iPhoneSimulator.ActiveCfg = Debug|x86
		{4B63D2B2-3617-47DA-843D-0E0337B9D98F}.Debug|x64.ActiveCfg = Debug|x64
		{4B63D2B2-3617-47DA-843D-0E0337B9D98F}.Debug|x64.Build.0 = Debug|x64
		{4B63D2B2-3617-47DA-843D-0E0337B9D98F}.Debug|x64.Deploy.0 = Debug|x64
		{4B63D2B2-3617-47DA-843D-0E0337B9D98F}.Debug|x86.ActiveCfg = Debug|x86
		{4B63D2B2-3617-47DA-843D-0E0337B9D98F}.Debug|x86.Build.0 = Debug|x86
		{4B63D2B2-3617-47DA-843D-0E0337B9D98F}.Debug|x86.Deploy.0 = Debug|x86
		{4B63D2B2-3617-47DA-843D-0E0337B9D98F}.Release|Any CPU.ActiveCfg = Release|x86
		{4B63D2B2-3617-47DA-843D-0E0337B9D98F}.Release|ARM.ActiveCfg = Release|ARM
		{4B63D2B2-3617-47DA-843D-0E0337B9D98F}.Release|ARM.Build.0 = Release|ARM
		{4B63D2B2-3617-47DA-843D-0E0337B9D98F}.Release|ARM.Deploy.0 = Release|ARM
		{4B63D2B2-3617-47DA-843D-0E0337B9D98F}.Release|iPhone.ActiveCfg = Release|x86
		{4B63D2B2-3617-47DA-843D-0E0337B9D98F}.Release|iPhoneSimulator.ActiveCfg = Release|x86
		{4B63D2B2-3617-47DA-843D-0E0337B9D98F}.Release|x64.ActiveCfg = Release|x64
		{4B63D2B2-3617-47DA-843D-0E0337B9D98F}.Release|x64.Build.0 = Release|x64
		{4B63D2B2-3617-47DA-843D-0E0337B9D98F}.Release|x64.Deploy.0 = Release|x64
		{4B63D2B2-3617-47DA-843D-0E0337B9D98F}.Release|x86.ActiveCfg = Release|x86
		{4B63D2B2-3617-47DA-843D-0E0337B9D98F}.Release|x86.Build.0 = Release|x86
		{4B63D2B2-3617-47DA-843D-0E0337B9D98F}.Release|x86.Deploy.0 = Release|x86
		{02FA11E3-BA92-4916-AE4F-AA523350EF45}.Ad-Hoc|Any CPU.ActiveCfg = Release|Any CPU
		{02FA11E3-BA92-4916-AE4F-AA523350EF45}.Ad-Hoc|Any CPU.Build.0 = Release|Any CPU
		{02FA11E3-BA92-4916-AE4F-AA523350EF45}.Ad-Hoc|ARM.ActiveCfg = Release|Any CPU
		{02FA11E3-BA92-4916-AE4F-AA523350EF45}.Ad-Hoc|ARM.Build.0 = Release|Any CPU
		{02FA11E3-BA92-4916-AE4F-AA523350EF45}.Ad-Hoc|iPhone.ActiveCfg = Release|Any CPU
		{02FA11E3-BA92-4916-AE4F-AA523350EF45}.Ad-Hoc|iPhone.Build.0 = Release|Any CPU
		{02FA11E3-BA92-4916-AE4F-AA523350EF45}.Ad-Hoc|iPhoneSimulator.ActiveCfg = Release|Any CPU
		{02FA11E3-BA92-4916-AE4F-AA523350EF45}.Ad-Hoc|iPhoneSimulator.Build.0 = Release|Any CPU
		{02FA11E3-BA92-4916-AE4F-AA523350EF45}.Ad-Hoc|x64.ActiveCfg = Release|Any CPU
		{02FA11E3-BA92-4916-AE4F-AA523350EF45}.Ad-Hoc|x64.Build.0 = Release|Any CPU
		{02FA11E3-BA92-4916-AE4F-AA523350EF45}.Ad-Hoc|x86.ActiveCfg = Release|Any CPU
		{02FA11E3-BA92-4916-AE4F-AA523350EF45}.Ad-Hoc|x86.Build.0 = Release|Any CPU
		{02FA11E3-BA92-4916-AE4F-AA523350EF45}.AppStore|Any CPU.ActiveCfg = Release|Any CPU
		{02FA11E3-BA92-4916-AE4F-AA523350EF45}.AppStore|Any CPU.Build.0 = Release|Any CPU
		{02FA11E3-BA92-4916-AE4F-AA523350EF45}.AppStore|ARM.ActiveCfg = Release|Any CPU
		{02FA11E3-BA92-4916-AE4F-AA523350EF45}.AppStore|ARM.Build.0 = Release|Any CPU
		{02FA11E3-BA92-4916-AE4F-AA523350EF45}.AppStore|iPhone.ActiveCfg = Release|Any CPU
		{02FA11E3-BA92-4916-AE4F-AA523350EF45}.AppStore|iPhone.Build.0 = Release|Any CPU
		{02FA11E3-BA92-4916-AE4F-AA523350EF45}.AppStore|iPhoneSimulator.ActiveCfg = Release|Any CPU
		{02FA11E3-BA92-4916-AE4F-AA523350EF45}.AppStore|iPhoneSimulator.Build.0 = Release|Any CPU
		{02FA11E3-BA92-4916-AE4F-AA523350EF45}.AppStore|x64.ActiveCfg = Release|Any CPU
		{02FA11E3-BA92-4916-AE4F-AA523350EF45}.AppStore|x64.Build.0 = Release|Any CPU
		{02FA11E3-BA92-4916-AE4F-AA523350EF45}.AppStore|x86.ActiveCfg = Release|Any CPU
		{02FA11E3-BA92-4916-AE4F-AA523350EF45}.AppStore|x86.Build.0 = Release|Any CPU
		{02FA11E3-BA92-4916-AE4F-AA523350EF45}.Debug|Any CPU.ActiveCfg = Debug|Any CPU
		{02FA11E3-BA92-4916-AE4F-AA523350EF45}.Debug|Any CPU.Build.0 = Debug|Any CPU
		{02FA11E3-BA92-4916-AE4F-AA523350EF45}.Debug|ARM.ActiveCfg = Debug|Any CPU
		{02FA11E3-BA92-4916-AE4F-AA523350EF45}.Debug|ARM.Build.0 = Debug|Any CPU
		{02FA11E3-BA92-4916-AE4F-AA523350EF45}.Debug|iPhone.ActiveCfg = Debug|Any CPU
		{02FA11E3-BA92-4916-AE4F-AA523350EF45}.Debug|iPhone.Build.0 = Debug|Any CPU
		{02FA11E3-BA92-4916-AE4F-AA523350EF45}.Debug|iPhoneSimulator.ActiveCfg = Debug|Any CPU
		{02FA11E3-BA92-4916-AE4F-AA523350EF45}.Debug|iPhoneSimulator.Build.0 = Debug|Any CPU
		{02FA11E3-BA92-4916-AE4F-AA523350EF45}.Debug|x64.ActiveCfg = Debug|Any CPU
		{02FA11E3-BA92-4916-AE4F-AA523350EF45}.Debug|x64.Build.0 = Debug|Any CPU
		{02FA11E3-BA92-4916-AE4F-AA523350EF45}.Debug|x86.ActiveCfg = Debug|Any CPU
		{02FA11E3-BA92-4916-AE4F-AA523350EF45}.Debug|x86.Build.0 = Debug|Any CPU
		{02FA11E3-BA92-4916-AE4F-AA523350EF45}.Release|Any CPU.ActiveCfg = Release|Any CPU
		{02FA11E3-BA92-4916-AE4F-AA523350EF45}.Release|Any CPU.Build.0 = Release|Any CPU
		{02FA11E3-BA92-4916-AE4F-AA523350EF45}.Release|ARM.ActiveCfg = Release|Any CPU
		{02FA11E3-BA92-4916-AE4F-AA523350EF45}.Release|ARM.Build.0 = Release|Any CPU
		{02FA11E3-BA92-4916-AE4F-AA523350EF45}.Release|iPhone.ActiveCfg = Release|Any CPU
		{02FA11E3-BA92-4916-AE4F-AA523350EF45}.Release|iPhone.Build.0 = Release|Any CPU
		{02FA11E3-BA92-4916-AE4F-AA523350EF45}.Release|iPhoneSimulator.ActiveCfg = Release|Any CPU
		{02FA11E3-BA92-4916-AE4F-AA523350EF45}.Release|iPhoneSimulator.Build.0 = Release|Any CPU
		{02FA11E3-BA92-4916-AE4F-AA523350EF45}.Release|x64.ActiveCfg = Release|Any CPU
		{02FA11E3-BA92-4916-AE4F-AA523350EF45}.Release|x64.Build.0 = Release|Any CPU
		{02FA11E3-BA92-4916-AE4F-AA523350EF45}.Release|x86.ActiveCfg = Release|Any CPU
		{02FA11E3-BA92-4916-AE4F-AA523350EF45}.Release|x86.Build.0 = Release|Any CPU
	EndGlobalSection
	GlobalSection(SolutionProperties) = preSolution
		HideSolutionNode = FALSE
	EndGlobalSection
	GlobalSection(NestedProjects) = preSolution
		{8F874E11-6237-402E-A3A2-683FEBF04023} = {4AAC08EA-D974-450E-B3D7-3C02308662C7}
		{3AF7D3C0-B467-4884-A7E3-B6CEE67BF3ED} = {6D471DCE-8484-4AF8-88A0-F05CDA3E0426}
		{39D28A40-5262-4B2C-BC1D-D0D12330A2BE} = {6D471DCE-8484-4AF8-88A0-F05CDA3E0426}
		{F990932B-8887-4252-827C-E4ED8936FE22} = {6D471DCE-8484-4AF8-88A0-F05CDA3E0426}
		{4B63D2B2-3617-47DA-843D-0E0337B9D98F} = {6D471DCE-8484-4AF8-88A0-F05CDA3E0426}
		{02FA11E3-BA92-4916-AE4F-AA523350EF45} = {A1ED3F67-E2F0-4E62-976D-312380CC9100}
	EndGlobalSection
EndGlobal
